
Microsoft Visual Studio Solution File, Format Version 12.00
# Visual Studio Version 16
VisualStudioVersion = 16.0.29613.14
MinimumVisualStudioVersion = 10.0.40219.1
Project("{9A19103F-16F7-4668-BE54-9A1E7A4F7556}") = "CenterFaceMLNet", "src\CenterFaceMLNet\CenterFaceMLNet.csproj", "{C5ED170B-AA2D-4D83-95A2-7D65FC099FA5}"
EndProject
Project("{FAE04EC0-301F-11D3-BF4B-00C04F79EFBC}") = "CenterFaceMLNetConsole", "src\CenterFaceMLNetConsole\CenterFaceMLNetConsole.csproj", "{35E2DAF5-03B0-4044-942D-C5707ACB8550}"
EndProject
Global
	GlobalSection(SolutionConfigurationPlatforms) = preSolution
		Debug|Any CPU = Debug|Any CPU
		Release|Any CPU = Release|Any CPU
	EndGlobalSection
	GlobalSection(ProjectConfigurationPlatforms) = postSolution
		{C5ED170B-AA2D-4D83-95A2-7D65FC099FA5}.Debug|Any CPU.ActiveCfg = Debug|Any CPU
		{C5ED170B-AA2D-4D83-95A2-7D65FC099FA5}.Debug|Any CPU.Build.0 = Debug|Any CPU
		{C5ED170B-AA2D-4D83-95A2-7D65FC099FA5}.Release|Any CPU.ActiveCfg = Release|Any CPU
		{C5ED170B-AA2D-4D83-95A2-7D65FC099FA5}.Release|Any CPU.Build.0 = Release|Any CPU
		{35E2DAF5-03B0-4044-942D-C5707ACB8550}.Debug|Any CPU.ActiveCfg = Debug|Any CPU
		{35E2DAF5-03B0-4044-942D-C5707ACB8550}.Debug|Any CPU.Build.0 = Debug|Any CPU
		{35E2DAF5-03B0-4044-942D-C5707ACB8550}.Release|Any CPU.ActiveCfg = Release|Any CPU
		{35E2DAF5-03B0-4044-942D-C5707ACB8550}.Release|Any CPU.Build.0 = Release|Any CPU
	EndGlobalSection
	GlobalSection(SolutionProperties) = preSolution
		HideSolutionNode = FALSE
	EndGlobalSection
	GlobalSection(ExtensibilityGlobals) = postSolution
		SolutionGuid = {5B60433A-92AB-48E5-8AB7-F36A6F04F8B0}
	EndGlobalSection
EndGlobal
